
Microsoft Visual Studio Solution File, Format Version 12.00
# Visual Studio Version 17
VisualStudioVersion = 17.2.32630.192
MinimumVisualStudioVersion = 10.0.40219.1
Project("{FAE04EC0-301F-11D3-BF4B-00C04F79EFBC}") = "SportsStore", "SportsStore\SportsStore.csproj", "{72050722-74D2-4D9A-8691-C1746659C508}"
EndProject
Project("{2150E333-8FDC-42A3-9474-1A3956D46DE8}") = "src", "src", "{EE6F31BC-B2C4-4117-8B7E-0E0B99D906D3}"
EndProject
Project("{2150E333-8FDC-42A3-9474-1A3956D46DE8}") = "tests", "tests", "{E2F5AC90-E7C3-40CA-92FA-682C815F3EFA}"
EndProject
Project("{FAE04EC0-301F-11D3-BF4B-00C04F79EFBC}") = "SportsStore.Tests", "SportsStore.Tests\SportsStore.Tests.csproj", "{49CBA58A-624A-4EE8-9BEC-86B7F3FA2AA9}"
EndProject
Global
	GlobalSection(SolutionConfigurationPlatforms) = preSolution
		Debug|Any CPU = Debug|Any CPU
		Release|Any CPU = Release|Any CPU
	EndGlobalSection
	GlobalSection(ProjectConfigurationPlatforms) = postSolution
		{72050722-74D2-4D9A-8691-C1746659C508}.Debug|Any CPU.ActiveCfg = Debug|Any CPU
		{72050722-74D2-4D9A-8691-C1746659C508}.Debug|Any CPU.Build.0 = Debug|Any CPU
		{72050722-74D2-4D9A-8691-C1746659C508}.Release|Any CPU.ActiveCfg = Release|Any CPU
		{72050722-74D2-4D9A-8691-C1746659C508}.Release|Any CPU.Build.0 = Release|Any CPU
		{49CBA58A-624A-4EE8-9BEC-86B7F3FA2AA9}.Debug|Any CPU.ActiveCfg = Debug|Any CPU
		{49CBA58A-624A-4EE8-9BEC-86B7F3FA2AA9}.Debug|Any CPU.Build.0 = Debug|Any CPU
		{49CBA58A-624A-4EE8-9BEC-86B7F3FA2AA9}.Release|Any CPU.ActiveCfg = Release|Any CPU
		{49CBA58A-624A-4EE8-9BEC-86B7F3FA2AA9}.Release|Any CPU.Build.0 = Release|Any CPU
	EndGlobalSection
	GlobalSection(SolutionProperties) = preSolution
		HideSolutionNode = FALSE
	EndGlobalSection
	GlobalSection(NestedProjects) = preSolution
		{72050722-74D2-4D9A-8691-C1746659C508} = {EE6F31BC-B2C4-4117-8B7E-0E0B99D906D3}
		{49CBA58A-624A-4EE8-9BEC-86B7F3FA2AA9} = {E2F5AC90-E7C3-40CA-92FA-682C815F3EFA}
	EndGlobalSection
	GlobalSection(ExtensibilityGlobals) = postSolution
		SolutionGuid = {3ED6881F-4702-45F0-AF48-362FD9FF448E}
	EndGlobalSection
EndGlobal
